schema: '2.0'
stages:
  NewStageMetrics:
    cmd: python heartpy.py
    deps:
    - path: heart2.csv
      hash: md5
      md5: 7fd5d1ceb7867cd35c1a4d9da7e7d890
      size: 47319011
    - path: heartpy.py
      hash: md5
      md5: e92a293ae2c17556f946ba21f62828f2
      size: 6933
    - path: params.yaml
      hash: md5
      md5: a3c8dad490e335a73c74de4f607b706d
      size: 31
    params:
      params.yaml:
        n_estimators: 3
        test_size: 0.3
    outs:
    - path: modeli.pkl
      hash: md5
      md5: 1fccdf22a487e0246e9cb308b0e4031d
      size: 22984412
    - path: scores.json
      hash: md5
      md5: 494b21493b7800ec41b98e0e6a521410
      size: 110
