schema: '2.0'
stages:
  NewStageMetrics:
    cmd: python heartpy.py
    deps:
    - path: heart2.csv
      hash: md5
      md5: 7fd5d1ceb7867cd35c1a4d9da7e7d890
      size: 47319011
    - path: heartpy.py
      hash: md5
      md5: c1aa98f6b032dc01d431d305bfa557b4
      size: 9474
    - path: params.yaml
      hash: md5
      md5: 7774f65970f5a729598db192f886978e
      size: 31
    params:
      params.yaml:
        n_estimators: 1
        test_size: 0.3
    outs:
    - path: modeli.pkl
      hash: md5
      md5: e38ae8ec5cfad6a66e78c02fb20ea605
      size: 7681035
    - path: scores.csv
      hash: md5
      md5: eb44dee2fbf8e548bdd972917909e9a7
      size: 155
    - path: scores.json
      hash: md5
      md5: 8b7b5419902da0ab138ed38463f345a6
      size: 173
